# This file is autogenerated, do not edit; changes may be undone by the next 'dep ensure'.


[[projects]]
  digest = "1:323ef1c999160d12fafa4074b5a5706511baf1cd91a935ae62494791c94abaf4"
  name = "github.com/atotto/clipboard"
  packages = ["."]
  pruneopts = "UT"
  revision = "579379fa8ff8a6d3fa979cec107f8f6d7f8fde90"
  version = "v0.1.2"

[[projects]]
  branch = "master"
  digest = "1:a94f7fcd4ef6fed67918427d7003ed6b479479053a59309a8209ff8939a72b74"
  name = "github.com/coyim/gotk3adapter"
  packages = [
    "gdka",
    "gdki",
    "glib_mock",
    "gliba",
    "glibi",
    "gtk_mock",
    "gtka",
    "gtki",
  ]
  pruneopts = "UT"
  revision = "4674d183fa9172c0ae456b8204766d51624c9b93"

[[projects]]
  branch = "master"
  digest = "1:d8f607d1638661ba5ab28018d037742f19ebbaa8179bdb4aa1ffb33e9f8329eb"
  name = "github.com/digitalautonomy/grumble"
  packages = [
    "pkg/acl",
    "pkg/ban",
    "pkg/blobstore",
    "pkg/cryptstate",
    "pkg/cryptstate/ocb2",
    "pkg/freezer",
    "pkg/htmlfilter",
    "pkg/logtarget",
    "pkg/mumbleproto",
    "pkg/packetdata",
    "pkg/replacefile",
    "pkg/serverconf",
    "pkg/sessionpool",
    "pkg/web",
    "server",
  ]
  pruneopts = "UT"
  revision = "9a8f381923ee8c93363158dc17d0f92c35ab6d29"

[[projects]]
  digest = "1:573ca21d3669500ff845bdebee890eb7fc7f0f50c59f2132f2a0c6b03d85086a"
  name = "github.com/golang/protobuf"
  packages = ["proto"]
  pruneopts = "UT"
  revision = "6c65a5562fc06764971b7c5d05c76c75e84bdbf7"
  version = "v1.3.2"

[[projects]]
  digest = "1:e62657cca9badaa308d86e7716083e4c5933bb78e30a17743fc67f50be26f6f4"
  name = "github.com/gorilla/websocket"
  packages = ["."]
  pruneopts = "UT"
  revision = "c3e18be99d19e6b3e8f1559eea2c161a665c4b6b"
  version = "v1.4.1"

[[projects]]
  branch = "master"
  digest = "1:4b76d9d6e0ed67b8a61bfef967786e5aca1160995a0081b45e308452c74128e3"
  name = "github.com/gotk3/gotk3"
  packages = [
    "cairo",
    "gdk",
    "glib",
    "gtk",
    "pango",
  ]
  pruneopts = "UT"
  revision = "d3629b451bb5ab5b5f7b5adeebe965b767eff08a"

[[projects]]
  digest = "1:4cc7748b74453830951f95ddc3fd980387e7c13f77cc33d7cba54cd6b96dad26"
  name = "github.com/kr/pretty"
  packages = ["."]
  pruneopts = "UT"
  revision = "4e0886370c3a67530192c6a238cff68f56c141b0"
  version = "v0.2.0"

[[projects]]
  digest = "1:15b5cc79aad436d47019f814fde81a10221c740dc8ddf769221a65097fb6c2e9"
  name = "github.com/kr/text"
  packages = ["."]
  pruneopts = "UT"
  revision = "e2ffdb16a802fe2bb95e2e35ff34f0e53aeef34f"
  version = "v0.1.0"

[[projects]]
  branch = "master"
  digest = "1:f270cec410cc52b9560705ad4dc2f4338ac9049b0e0bce0ff5a1905a1367d398"
  name = "github.com/wybiral/torgo"
  packages = ["."]
  pruneopts = "UT"
  revision = "a19a6c8a50489e2fdf37223edc5f1284bb965308"

[[projects]]
  branch = "master"
  digest = "1:2d0679d664dd905f42b805215f8e45d1678139b0b0991279fba9d1937263bc3c"
  name = "golang.org/x/crypto"
  packages = [
    "ed25519",
    "ed25519/internal/edwards25519",
    "internal/subtle",
    "nacl/secretbox",
    "poly1305",
    "salsa20/salsa",
    "sha3",
  ]
  pruneopts = "UT"
  revision = "61a87790db17894570dfb32dbaa0a4af9ce60cb4"

[[projects]]
  branch = "master"
  digest = "1:3587bbb18e3d5299dc0020733e2839138afb0a29456ffd4073a3962bb9966556"
  name = "golang.org/x/net"
  packages = [
    "internal/socks",
    "proxy",
  ]
  pruneopts = "UT"
  revision = "c0dbc17a35534bf2e581d7a942408dc936316da4"

[[projects]]
  branch = "master"
  digest = "1:2620d7efbd6e99521e224cbc08b57e4fb928def72e7d9f138cde3a3c568a71c7"
  name = "golang.org/x/sys"
  packages = ["cpu"]
  pruneopts = "UT"
  revision = "548cf772de5052aa878ccb47cdeb7d262b75c8ec"

[[projects]]
  branch = "v1"
  digest = "1:bc88591477b5fee4520dcd3d8fa8fd26f5d78b83193ed0102a7e83552652daa4"
  name = "gopkg.in/check.v1"
  packages = ["."]
  pruneopts = "UT"
  revision = "41f04d3bba152ddec2103e299fed053415705330"

[solve-meta]
  analyzer-name = "dep"
  analyzer-version = 1
  input-imports = [
    "github.com/atotto/clipboard",
    "github.com/coyim/gotk3adapter/gdka",
    "github.com/coyim/gotk3adapter/gdki",
    "github.com/coyim/gotk3adapter/gliba",
    "github.com/coyim/gotk3adapter/glibi",
    "github.com/coyim/gotk3adapter/gtk_mock",
    "github.com/coyim/gotk3adapter/gtka",
    "github.com/coyim/gotk3adapter/gtki",
    "github.com/digitalautonomy/grumble/pkg/logtarget",
    "github.com/digitalautonomy/grumble/server",
    "github.com/wybiral/torgo",
    "gopkg.in/check.v1",
  ]
  solver-name = "gps-cdcl"
  solver-version = 1
