# This file is autogenerated, do not edit; changes may be undone by the next 'dep ensure'.


[[projects]]
  branch = "master"
  digest = "1:00957b2dc423307c85aa0cdd4dbc50792646aecce34e18e542adedbe3e734337"
  name = "github.com/coyim/gotk3adapter"
  packages = [
    "gdka",
    "gdki",
    "glib_mock",
    "gliba",
    "glibi",
    "gtk_mock",
    "gtka",
    "gtki",
  ]
  pruneopts = "UT"
  revision = "7971adff3cb46275773c23243897a454b18f96cf"

[[projects]]
  branch = "master"
  digest = "1:f16018a99ee63b724ad3fd0e290c14c0de45d0db93c6f2760c4dad1b4518e591"
  name = "github.com/gotk3/gotk3"
  packages = [
    "cairo",
    "gdk",
    "glib",
    "gtk",
    "pango",
  ]
  pruneopts = "UT"
  revision = "9d4abcb1602160e43cba88eb9fa81beb4318ee53"

[[projects]]
  digest = "1:ca955a9cd5b50b0f43d2cc3aeb35c951473eeca41b34eb67507f1dbcc0542394"
  name = "github.com/kr/pretty"
  packages = ["."]
  pruneopts = "UT"
  revision = "73f6ac0b30a98e433b289500d779f50c1a6f0712"
  version = "v0.1.0"

[[projects]]
  digest = "1:15b5cc79aad436d47019f814fde81a10221c740dc8ddf769221a65097fb6c2e9"
  name = "github.com/kr/text"
  packages = ["."]
  pruneopts = "UT"
  revision = "e2ffdb16a802fe2bb95e2e35ff34f0e53aeef34f"
  version = "v0.1.0"

[[projects]]
  branch = "master"
  digest = "1:f270cec410cc52b9560705ad4dc2f4338ac9049b0e0bce0ff5a1905a1367d398"
  name = "github.com/wybiral/torgo"
  packages = ["."]
  pruneopts = "UT"
  revision = "a19a6c8a50489e2fdf37223edc5f1284bb965308"

[[projects]]
  branch = "master"
  digest = "1:de3ada36fec2d05c0efdfc94521e0bbb2db9d7538446987822482709de5bd4dc"
  name = "golang.org/x/crypto"
  packages = [
    "ed25519",
    "ed25519/internal/edwards25519",
    "sha3",
  ]
  pruneopts = "UT"
  revision = "e9b2fee46413994441b28dfca259d911d963dfed"

[[projects]]
  branch = "master"
  digest = "1:3587bbb18e3d5299dc0020733e2839138afb0a29456ffd4073a3962bb9966556"
  name = "golang.org/x/net"
  packages = [
    "internal/socks",
    "proxy",
  ]
  pruneopts = "UT"
  revision = "c0dbc17a35534bf2e581d7a942408dc936316da4"

[[projects]]
  branch = "master"
  digest = "1:2620d7efbd6e99521e224cbc08b57e4fb928def72e7d9f138cde3a3c568a71c7"
  name = "golang.org/x/sys"
  packages = ["cpu"]
  pruneopts = "UT"
  revision = "ac6580df4449443a05718fd7858c1f91ad5f8d20"

[[projects]]
  branch = "v1"
  digest = "1:bc88591477b5fee4520dcd3d8fa8fd26f5d78b83193ed0102a7e83552652daa4"
  name = "gopkg.in/check.v1"
  packages = ["."]
  pruneopts = "UT"
  revision = "41f04d3bba152ddec2103e299fed053415705330"

[solve-meta]
  analyzer-name = "dep"
  analyzer-version = 1
  input-imports = [
    "github.com/coyim/gotk3adapter/glibi",
    "github.com/coyim/gotk3adapter/gtk_mock",
    "github.com/coyim/gotk3adapter/gtka",
    "github.com/coyim/gotk3adapter/gtki",
    "github.com/wybiral/torgo",
    "gopkg.in/check.v1",
  ]
  solver-name = "gps-cdcl"
  solver-version = 1
